
Microsoft Visual Studio Solution File, Format Version 12.00
# Visual Studio 15
VisualStudioVersion = 15.0.28307.168
MinimumVisualStudioVersion = 10.0.40219.1
Project("{FAE04EC0-301F-11D3-BF4B-00C04F79EFBC}") = "TestXamarin.Android", "TestXamarin\TestXamarin.Android\TestXamarin.Android.csproj", "{83A43CF0-5D4D-4177-B07A-CA6FB5A4DECF}"
EndProject
Project("{FAE04EC0-301F-11D3-BF4B-00C04F79EFBC}") = "TestXamarin.iOS", "TestXamarin\TestXamarin.iOS\TestXamarin.iOS.csproj", "{5A7D7E48-149D-4F92-8DC7-801F7E206114}"
EndProject
Project("{FAE04EC0-301F-11D3-BF4B-00C04F79EFBC}") = "TestXamarin", "TestXamarin\TestXamarin\TestXamarin.csproj", "{792F01CC-4BC5-4692-9609-7C3D35F02CDF}"
EndProject
Global
	GlobalSection(SolutionConfigurationPlatforms) = preSolution
		Ad-Hoc|Any CPU = Ad-Hoc|Any CPU
		Ad-Hoc|iPhone = Ad-Hoc|iPhone
		Ad-Hoc|iPhoneSimulator = Ad-Hoc|iPhoneSimulator
		AppStore|Any CPU = AppStore|Any CPU
		AppStore|iPhone = AppStore|iPhone
		AppStore|iPhoneSimulator = AppStore|iPhoneSimulator
		Debug|Any CPU = Debug|Any CPU
		Debug|iPhone = Debug|iPhone
		Debug|iPhoneSimulator = Debug|iPhoneSimulator
		Release|Any CPU = Release|Any CPU
		Release|iPhone = Release|iPhone
		Release|iPhoneSimulator = Release|iPhoneSimulator
	EndGlobalSection
	GlobalSection(ProjectConfigurationPlatforms) = postSolution
		{83A43CF0-5D4D-4177-B07A-CA6FB5A4DECF}.Ad-Hoc|Any CPU.ActiveCfg = Release|Any CPU
		{83A43CF0-5D4D-4177-B07A-CA6FB5A4DECF}.Ad-Hoc|Any CPU.Build.0 = Release|Any CPU
		{83A43CF0-5D4D-4177-B07A-CA6FB5A4DECF}.Ad-Hoc|Any CPU.Deploy.0 = Release|Any CPU
		{83A43CF0-5D4D-4177-B07A-CA6FB5A4DECF}.Ad-Hoc|iPhone.ActiveCfg = Release|Any CPU
		{83A43CF0-5D4D-4177-B07A-CA6FB5A4DECF}.Ad-Hoc|iPhone.Build.0 = Release|Any CPU
		{83A43CF0-5D4D-4177-B07A-CA6FB5A4DECF}.Ad-Hoc|iPhone.Deploy.0 = Release|Any CPU
		{83A43CF0-5D4D-4177-B07A-CA6FB5A4DECF}.Ad-Hoc|iPhoneSimulator.ActiveCfg = Release|Any CPU
		{83A43CF0-5D4D-4177-B07A-CA6FB5A4DECF}.Ad-Hoc|iPhoneSimulator.Build.0 = Release|Any CPU
		{83A43CF0-5D4D-4177-B07A-CA6FB5A4DECF}.Ad-Hoc|iPhoneSimulator.Deploy.0 = Release|Any CPU
		{83A43CF0-5D4D-4177-B07A-CA6FB5A4DECF}.AppStore|Any CPU.ActiveCfg = Release|Any CPU
		{83A43CF0-5D4D-4177-B07A-CA6FB5A4DECF}.AppStore|Any CPU.Build.0 = Release|Any CPU
		{83A43CF0-5D4D-4177-B07A-CA6FB5A4DECF}.AppStore|Any CPU.Deploy.0 = Release|Any CPU
		{83A43CF0-5D4D-4177-B07A-CA6FB5A4DECF}.AppStore|iPhone.ActiveCfg = Release|Any CPU
		{83A43CF0-5D4D-4177-B07A-CA6FB5A4DECF}.AppStore|iPhone.Build.0 = Release|Any CPU
		{83A43CF0-5D4D-4177-B07A-CA6FB5A4DECF}.AppStore|iPhone.Deploy.0 = Release|Any CPU
		{83A43CF0-5D4D-4177-B07A-CA6FB5A4DECF}.AppStore|iPhoneSimulator.ActiveCfg = Release|Any CPU
		{83A43CF0-5D4D-4177-B07A-CA6FB5A4DECF}.AppStore|iPhoneSimulator.Build.0 = Release|Any CPU
		{83A43CF0-5D4D-4177-B07A-CA6FB5A4DECF}.AppStore|iPhoneSimulator.Deploy.0 = Release|Any CPU
		{83A43CF0-5D4D-4177-B07A-CA6FB5A4DECF}.Debug|Any CPU.ActiveCfg = Debug|Any CPU
		{83A43CF0-5D4D-4177-B07A-CA6FB5A4DECF}.Debug|Any CPU.Build.0 = Debug|Any CPU
		{83A43CF0-5D4D-4177-B07A-CA6FB5A4DECF}.Debug|Any CPU.Deploy.0 = Debug|Any CPU
		{83A43CF0-5D4D-4177-B07A-CA6FB5A4DECF}.Debug|iPhone.ActiveCfg = Debug|Any CPU
		{83A43CF0-5D4D-4177-B07A-CA6FB5A4DECF}.Debug|iPhone.Build.0 = Debug|Any CPU
		{83A43CF0-5D4D-4177-B07A-CA6FB5A4DECF}.Debug|iPhone.Deploy.0 = Debug|Any CPU
		{83A43CF0-5D4D-4177-B07A-CA6FB5A4DECF}.Debug|iPhoneSimulator.ActiveCfg = Debug|Any CPU
		{83A43CF0-5D4D-4177-B07A-CA6FB5A4DECF}.Debug|iPhoneSimulator.Build.0 = Debug|Any CPU
		{83A43CF0-5D4D-4177-B07A-CA6FB5A4DECF}.Debug|iPhoneSimulator.Deploy.0 = Debug|Any CPU
		{83A43CF0-5D4D-4177-B07A-CA6FB5A4DECF}.Release|Any CPU.ActiveCfg = Release|Any CPU
		{83A43CF0-5D4D-4177-B07A-CA6FB5A4DECF}.Release|Any CPU.Build.0 = Release|Any CPU
		{83A43CF0-5D4D-4177-B07A-CA6FB5A4DECF}.Release|Any CPU.Deploy.0 = Release|Any CPU
		{83A43CF0-5D4D-4177-B07A-CA6FB5A4DECF}.Release|iPhone.ActiveCfg = Release|Any CPU
		{83A43CF0-5D4D-4177-B07A-CA6FB5A4DECF}.Release|iPhone.Build.0 = Release|Any CPU
		{83A43CF0-5D4D-4177-B07A-CA6FB5A4DECF}.Release|iPhone.Deploy.0 = Release|Any CPU
		{83A43CF0-5D4D-4177-B07A-CA6FB5A4DECF}.Release|iPhoneSimulator.ActiveCfg = Release|Any CPU
		{83A43CF0-5D4D-4177-B07A-CA6FB5A4DECF}.Release|iPhoneSimulator.Build.0 = Release|Any CPU
		{83A43CF0-5D4D-4177-B07A-CA6FB5A4DECF}.Release|iPhoneSimulator.Deploy.0 = Release|Any CPU
		{5A7D7E48-149D-4F92-8DC7-801F7E206114}.Ad-Hoc|Any CPU.ActiveCfg = Ad-Hoc|iPhone
		{5A7D7E48-149D-4F92-8DC7-801F7E206114}.Ad-Hoc|Any CPU.Build.0 = Ad-Hoc|iPhone
		{5A7D7E48-149D-4F92-8DC7-801F7E206114}.Ad-Hoc|Any CPU.Deploy.0 = Ad-Hoc|iPhone
		{5A7D7E48-149D-4F92-8DC7-801F7E206114}.Ad-Hoc|iPhone.ActiveCfg = Ad-Hoc|iPhone
		{5A7D7E48-149D-4F92-8DC7-801F7E206114}.Ad-Hoc|iPhone.Build.0 = Ad-Hoc|iPhone
		{5A7D7E48-149D-4F92-8DC7-801F7E206114}.Ad-Hoc|iPhone.Deploy.0 = Ad-Hoc|iPhone
		{5A7D7E48-149D-4F92-8DC7-801F7E206114}.Ad-Hoc|iPhoneSimulator.ActiveCfg = Ad-Hoc|iPhoneSimulator
		{5A7D7E48-149D-4F92-8DC7-801F7E206114}.Ad-Hoc|iPhoneSimulator.Build.0 = Ad-Hoc|iPhoneSimulator
		{5A7D7E48-149D-4F92-8DC7-801F7E206114}.Ad-Hoc|iPhoneSimulator.Deploy.0 = Ad-Hoc|iPhoneSimulator
		{5A7D7E48-149D-4F92-8DC7-801F7E206114}.AppStore|Any CPU.ActiveCfg = AppStore|iPhone
		{5A7D7E48-149D-4F92-8DC7-801F7E206114}.AppStore|Any CPU.Build.0 = AppStore|iPhone
		{5A7D7E48-149D-4F92-8DC7-801F7E206114}.AppStore|Any CPU.Deploy.0 = AppStore|iPhone
		{5A7D7E48-149D-4F92-8DC7-801F7E206114}.AppStore|iPhone.ActiveCfg = AppStore|iPhone
		{5A7D7E48-149D-4F92-8DC7-801F7E206114}.AppStore|iPhone.Build.0 = AppStore|iPhone
		{5A7D7E48-149D-4F92-8DC7-801F7E206114}.AppStore|iPhone.Deploy.0 = AppStore|iPhone
		{5A7D7E48-149D-4F92-8DC7-801F7E206114}.AppStore|iPhoneSimulator.ActiveCfg = AppStore|iPhoneSimulator
		{5A7D7E48-149D-4F92-8DC7-801F7E206114}.AppStore|iPhoneSimulator.Build.0 = AppStore|iPhoneSimulator
		{5A7D7E48-149D-4F92-8DC7-801F7E206114}.AppStore|iPhoneSimulator.Deploy.0 = AppStore|iPhoneSimulator
		{5A7D7E48-149D-4F92-8DC7-801F7E206114}.Debug|Any CPU.ActiveCfg = Debug|iPhoneSimulator
		{5A7D7E48-149D-4F92-8DC7-801F7E206114}.Debug|Any CPU.Build.0 = Debug|iPhoneSimulator
		{5A7D7E48-149D-4F92-8DC7-801F7E206114}.Debug|Any CPU.Deploy.0 = Debug|iPhoneSimulator
		{5A7D7E48-149D-4F92-8DC7-801F7E206114}.Debug|iPhone.ActiveCfg = Debug|iPhone
		{5A7D7E48-149D-4F92-8DC7-801F7E206114}.Debug|iPhone.Build.0 = Debug|iPhone
		{5A7D7E48-149D-4F92-8DC7-801F7E206114}.Debug|iPhone.Deploy.0 = Debug|iPhone
		{5A7D7E48-149D-4F92-8DC7-801F7E206114}.Debug|iPhoneSimulator.ActiveCfg = Debug|iPhoneSimulator
		{5A7D7E48-149D-4F92-8DC7-801F7E206114}.Debug|iPhoneSimulator.Build.0 = Debug|iPhoneSimulator
		{5A7D7E48-149D-4F92-8DC7-801F7E206114}.Debug|iPhoneSimulator.Deploy.0 = Debug|iPhoneSimulator
		{5A7D7E48-149D-4F92-8DC7-801F7E206114}.Release|Any CPU.ActiveCfg = Release|iPhone
		{5A7D7E48-149D-4F92-8DC7-801F7E206114}.Release|Any CPU.Build.0 = Release|iPhone
		{5A7D7E48-149D-4F92-8DC7-801F7E206114}.Release|Any CPU.Deploy.0 = Release|iPhone
		{5A7D7E48-149D-4F92-8DC7-801F7E206114}.Release|iPhone.ActiveCfg = Release|iPhone
		{5A7D7E48-149D-4F92-8DC7-801F7E206114}.Release|iPhone.Build.0 = Release|iPhone
		{5A7D7E48-149D-4F92-8DC7-801F7E206114}.Release|iPhone.Deploy.0 = Release|iPhone
		{5A7D7E48-149D-4F92-8DC7-801F7E206114}.Release|iPhoneSimulator.ActiveCfg = Release|iPhoneSimulator
		{5A7D7E48-149D-4F92-8DC7-801F7E206114}.Release|iPhoneSimulator.Build.0 = Release|iPhoneSimulator
		{5A7D7E48-149D-4F92-8DC7-801F7E206114}.Release|iPhoneSimulator.Deploy.0 = Release|iPhoneSimulator
		{792F01CC-4BC5-4692-9609-7C3D35F02CDF}.Ad-Hoc|Any CPU.ActiveCfg = Debug|Any CPU
		{792F01CC-4BC5-4692-9609-7C3D35F02CDF}.Ad-Hoc|Any CPU.Build.0 = Debug|Any CPU
		{792F01CC-4BC5-4692-9609-7C3D35F02CDF}.Ad-Hoc|Any CPU.Deploy.0 = Debug|Any CPU
		{792F01CC-4BC5-4692-9609-7C3D35F02CDF}.Ad-Hoc|iPhone.ActiveCfg = Debug|Any CPU
		{792F01CC-4BC5-4692-9609-7C3D35F02CDF}.Ad-Hoc|iPhone.Build.0 = Debug|Any CPU
		{792F01CC-4BC5-4692-9609-7C3D35F02CDF}.Ad-Hoc|iPhone.Deploy.0 = Debug|Any CPU
		{792F01CC-4BC5-4692-9609-7C3D35F02CDF}.Ad-Hoc|iPhoneSimulator.ActiveCfg = Debug|Any CPU
		{792F01CC-4BC5-4692-9609-7C3D35F02CDF}.Ad-Hoc|iPhoneSimulator.Build.0 = Debug|Any CPU
		{792F01CC-4BC5-4692-9609-7C3D35F02CDF}.Ad-Hoc|iPhoneSimulator.Deploy.0 = Debug|Any CPU
		{792F01CC-4BC5-4692-9609-7C3D35F02CDF}.AppStore|Any CPU.ActiveCfg = Debug|Any CPU
		{792F01CC-4BC5-4692-9609-7C3D35F02CDF}.AppStore|Any CPU.Build.0 = Debug|Any CPU
		{792F01CC-4BC5-4692-9609-7C3D35F02CDF}.AppStore|Any CPU.Deploy.0 = Debug|Any CPU
		{792F01CC-4BC5-4692-9609-7C3D35F02CDF}.AppStore|iPhone.ActiveCfg = Debug|Any CPU
		{792F01CC-4BC5-4692-9609-7C3D35F02CDF}.AppStore|iPhone.Build.0 = Debug|Any CPU
		{792F01CC-4BC5-4692-9609-7C3D35F02CDF}.AppStore|iPhone.Deploy.0 = Debug|Any CPU
		{792F01CC-4BC5-4692-9609-7C3D35F02CDF}.AppStore|iPhoneSimulator.ActiveCfg = Debug|Any CPU
		{792F01CC-4BC5-4692-9609-7C3D35F02CDF}.AppStore|iPhoneSimulator.Build.0 = Debug|Any CPU
		{792F01CC-4BC5-4692-9609-7C3D35F02CDF}.AppStore|iPhoneSimulator.Deploy.0 = Debug|Any CPU
		{792F01CC-4BC5-4692-9609-7C3D35F02CDF}.Debug|Any CPU.ActiveCfg = Debug|Any CPU
		{792F01CC-4BC5-4692-9609-7C3D35F02CDF}.Debug|Any CPU.Build.0 = Debug|Any CPU
		{792F01CC-4BC5-4692-9609-7C3D35F02CDF}.Debug|Any CPU.Deploy.0 = Debug|Any CPU
		{792F01CC-4BC5-4692-9609-7C3D35F02CDF}.Debug|iPhone.ActiveCfg = Debug|Any CPU
		{792F01CC-4BC5-4692-9609-7C3D35F02CDF}.Debug|iPhone.Build.0 = Debug|Any CPU
		{792F01CC-4BC5-4692-9609-7C3D35F02CDF}.Debug|iPhone.Deploy.0 = Debug|Any CPU
		{792F01CC-4BC5-4692-9609-7C3D35F02CDF}.Debug|iPhoneSimulator.ActiveCfg = Debug|Any CPU
		{792F01CC-4BC5-4692-9609-7C3D35F02CDF}.Debug|iPhoneSimulator.Build.0 = Debug|Any CPU
		{792F01CC-4BC5-4692-9609-7C3D35F02CDF}.Debug|iPhoneSimulator.Deploy.0 = Debug|Any CPU
		{792F01CC-4BC5-4692-9609-7C3D35F02CDF}.Release|Any CPU.ActiveCfg = Release|Any CPU
		{792F01CC-4BC5-4692-9609-7C3D35F02CDF}.Release|Any CPU.Build.0 = Release|Any CPU
		{792F01CC-4BC5-4692-9609-7C3D35F02CDF}.Release|Any CPU.Deploy.0 = Release|Any CPU
		{792F01CC-4BC5-4692-9609-7C3D35F02CDF}.Release|iPhone.ActiveCfg = Release|Any CPU
		{792F01CC-4BC5-4692-9609-7C3D35F02CDF}.Release|iPhone.Build.0 = Release|Any CPU
		{792F01CC-4BC5-4692-9609-7C3D35F02CDF}.Release|iPhone.Deploy.0 = Release|Any CPU
		{792F01CC-4BC5-4692-9609-7C3D35F02CDF}.Release|iPhoneSimulator.ActiveCfg = Release|Any CPU
		{792F01CC-4BC5-4692-9609-7C3D35F02CDF}.Release|iPhoneSimulator.Build.0 = Release|Any CPU
		{792F01CC-4BC5-4692-9609-7C3D35F02CDF}.Release|iPhoneSimulator.Deploy.0 = Release|Any CPU
	EndGlobalSection
	GlobalSection(SolutionProperties) = preSolution
		HideSolutionNode = FALSE
	EndGlobalSection
	GlobalSection(ExtensibilityGlobals) = postSolution
		SolutionGuid = {AD051859-5652-4DEF-A559-2A8E9E08C357}
	EndGlobalSection
EndGlobal
